// !$*UTF8*$!
{
	archiveVersion = 1;
	classes = {
	};
	objectVersion = 55;
	objects = {

/* Begin PBXBuildFile section */
		522463012944EB32004F4E01 /* EasyUICalculationHelpers.swift in Sources */ = {isa = PBXBuildFile; fileRef = 522463002944EB32004F4E01 /* EasyUICalculationHelpers.swift */; };
		524E356129511D62001FFDFA /* Example_3_DelayedProgressBar.swift in Sources */ = {isa = PBXBuildFile; fileRef = 524E356029511D62001FFDFA /* Example_3_DelayedProgressBar.swift */; };
		524E356329511D77001FFDFA /* Example_3_DelayedProgressBar.storyboard in Resources */ = {isa = PBXBuildFile; fileRef = 524E356229511D77001FFDFA /* Example_3_DelayedProgressBar.storyboard */; };
		524E35662951C643001FFDFA /* TopNotificationView.swift in Sources */ = {isa = PBXBuildFile; fileRef = 524E35652951C643001FFDFA /* TopNotificationView.swift */; };
		524E35692951CA1B001FFDFA /* Example_4_TopNotificationMenu.swift in Sources */ = {isa = PBXBuildFile; fileRef = 524E35682951CA1B001FFDFA /* Example_4_TopNotificationMenu.swift */; };
		524E356B2951CA4C001FFDFA /* Example_4_TopNotificationMenu.storyboard in Resources */ = {isa = PBXBuildFile; fileRef = 524E356A2951CA4C001FFDFA /* Example_4_TopNotificationMenu.storyboard */; };
		52B000CF295877B600F0BE0C /* TestTypes.swift in Sources */ = {isa = PBXBuildFile; fileRef = 52B000CE295877B600F0BE0C /* TestTypes.swift */; };
		52B000D12958790F00F0BE0C /* FadedScrollPropertyWrapper.swift in Sources */ = {isa = PBXBuildFile; fileRef = 52B000D02958790F00F0BE0C /* FadedScrollPropertyWrapper.swift */; };
		52B000D329587B7B00F0BE0C /* FadedUITextView.swift in Sources */ = {isa = PBXBuildFile; fileRef = 52B000D229587B7B00F0BE0C /* FadedUITextView.swift */; };
		52B000D529587B9300F0BE0C /* FadedUICollectionView.swift in Sources */ = {isa = PBXBuildFile; fileRef = 52B000D429587B9200F0BE0C /* FadedUICollectionView.swift */; };
		52B000D729587BA900F0BE0C /* FadedUITableView.swift in Sources */ = {isa = PBXBuildFile; fileRef = 52B000D629587BA900F0BE0C /* FadedUITableView.swift */; };
		52B000D929587BC100F0BE0C /* Tests--------.swift in Sources */ = {isa = PBXBuildFile; fileRef = 52B000D829587BC100F0BE0C /* Tests--------.swift */; };
		52B000DB29587BFF00F0BE0C /* ProgressManager.swift in Sources */ = {isa = PBXBuildFile; fileRef = 52B000DA29587BFF00F0BE0C /* ProgressManager.swift */; };
		52B6C9D6295098B10019AB10 /* Thoughts and ideas.swift in Sources */ = {isa = PBXBuildFile; fileRef = 52B6C9D5295098B10019AB10 /* Thoughts and ideas.swift */; };
		52B6C9D9295112F90019AB10 /* DelayedProgressBar.swift in Sources */ = {isa = PBXBuildFile; fileRef = 52B6C9D8295112F90019AB10 /* DelayedProgressBar.swift */; };
		52ED65BB293CF466004E80B7 /* AppDelegate.swift in Sources */ = {isa = PBXBuildFile; fileRef = 52ED65BA293CF466004E80B7 /* AppDelegate.swift */; };
		52ED65BD293CF466004E80B7 /* SceneDelegate.swift in Sources */ = {isa = PBXBuildFile; fileRef = 52ED65BC293CF466004E80B7 /* SceneDelegate.swift */; };
		52ED65BF293CF466004E80B7 /* ViewController.swift in Sources */ = {isa = PBXBuildFile; fileRef = 52ED65BE293CF466004E80B7 /* ViewController.swift */; };
		52ED65C2293CF466004E80B7 /* Main.storyboard in Resources */ = {isa = PBXBuildFile; fileRef = 52ED65C0293CF466004E80B7 /* Main.storyboard */; };
		52ED65C4293CF46A004E80B7 /* Assets.xcassets in Resources */ = {isa = PBXBuildFile; fileRef = 52ED65C3293CF46A004E80B7 /* Assets.xcassets */; };
		52ED65C7293CF46A004E80B7 /* LaunchScreen.storyboard in Resources */ = {isa = PBXBuildFile; fileRef = 52ED65C5293CF46A004E80B7 /* LaunchScreen.storyboard */; };
		52ED65D0293CF5F0004E80B7 /* RoutingButton.swift in Sources */ = {isa = PBXBuildFile; fileRef = 52ED65CF293CF5F0004E80B7 /* RoutingButton.swift */; };
		52ED65D4293CF838004E80B7 /* Example_1_UIScrollViewFaded.storyboard in Resources */ = {isa = PBXBuildFile; fileRef = 52ED65D3293CF838004E80B7 /* Example_1_UIScrollViewFaded.storyboard */; };
		52ED65D6293CF841004E80B7 /* Example_1_UIScrollViewFaded.swift in Sources */ = {isa = PBXBuildFile; fileRef = 52ED65D5293CF841004E80B7 /* Example_1_UIScrollViewFaded.swift */; };
		52ED65D8293CF8F5004E80B7 /* Extensions.swift in Sources */ = {isa = PBXBuildFile; fileRef = 52ED65D7293CF8F5004E80B7 /* Extensions.swift */; };
		52ED65DC293CFA95004E80B7 /* FadedScrollView.swift in Sources */ = {isa = PBXBuildFile; fileRef = 52ED65DB293CFA95004E80B7 /* FadedScrollView.swift */; };
		52ED65DF293CFC81004E80B7 /* ReadyElementsExtensions.swift in Sources */ = {isa = PBXBuildFile; fileRef = 52ED65DE293CFC81004E80B7 /* ReadyElementsExtensions.swift */; };
		52ED65E1293D4B0B004E80B7 /* ScrollViewFactory.swift in Sources */ = {isa = PBXBuildFile; fileRef = 52ED65E0293D4B0B004E80B7 /* ScrollViewFactory.swift */; };
		52ED65E3293D4CA5004E80B7 /* Example_1_ScrollView.xib in Resources */ = {isa = PBXBuildFile; fileRef = 52ED65E2293D4CA5004E80B7 /* Example_1_ScrollView.xib */; };
		52ED65E5293D4D00004E80B7 /* Example_1_ScrollView.swift in Sources */ = {isa = PBXBuildFile; fileRef = 52ED65E4293D4D00004E80B7 /* Example_1_ScrollView.swift */; };
		52F1F20B294B2F7200446F77 /* ClickAnimatedButton.swift in Sources */ = {isa = PBXBuildFile; fileRef = 52F1F20A294B2F7200446F77 /* ClickAnimatedButton.swift */; };
		52F1F20D294B375900446F77 /* ClickAnimatedView.swift in Sources */ = {isa = PBXBuildFile; fileRef = 52F1F20C294B375900446F77 /* ClickAnimatedView.swift */; };
		52F1F210294B3C8700446F77 /* UIElementsTests.swift in Sources */ = {isa = PBXBuildFile; fileRef = 52F1F20F294B3C8700446F77 /* UIElementsTests.swift */; };
		52F1F212294B3C9900446F77 /* UIElementsTests.storyboard in Resources */ = {isa = PBXBuildFile; fileRef = 52F1F211294B3C9900446F77 /* UIElementsTests.storyboard */; };
		52F1F214294B425F00446F77 /* TestScrollView.swift in Sources */ = {isa = PBXBuildFile; fileRef = 52F1F213294B425F00446F77 /* TestScrollView.swift */; };
		52F1F216294B49AF00446F77 /* ClickAnimatedRoundedButton.swift in Sources */ = {isa = PBXBuildFile; fileRef = 52F1F215294B49AF00446F77 /* ClickAnimatedRoundedButton.swift */; };
/* End PBXBuildFile section */

/* Begin PBXFileReference section */
		522463002944EB32004F4E01 /* EasyUICalculationHelpers.swift */ = {isa = PBXFileReference; lastKnownFileType = sourcecode.swift; path = EasyUICalculationHelpers.swift; sourceTree = "<group>"; };
		524E356029511D62001FFDFA /* Example_3_DelayedProgressBar.swift */ = {isa = PBXFileReference; lastKnownFileType = sourcecode.swift; path = Example_3_DelayedProgressBar.swift; sourceTree = "<group>"; };
		524E356229511D77001FFDFA /* Example_3_DelayedProgressBar.storyboard */ = {isa = PBXFileReference; lastKnownFileType = file.storyboard; path = Example_3_DelayedProgressBar.storyboard; sourceTree = "<group>"; };
		524E35652951C643001FFDFA /* TopNotificationView.swift */ = {isa = PBXFileReference; lastKnownFileType = sourcecode.swift; path = TopNotificationView.swift; sourceTree = "<group>"; };
		524E35682951CA1B001FFDFA /* Example_4_TopNotificationMenu.swift */ = {isa = PBXFileReference; lastKnownFileType = sourcecode.swift; path = Example_4_TopNotificationMenu.swift; sourceTree = "<group>"; };
		524E356A2951CA4C001FFDFA /* Example_4_TopNotificationMenu.storyboard */ = {isa = PBXFileReference; lastKnownFileType = file.storyboard; path = Example_4_TopNotificationMenu.storyboard; sourceTree = "<group>"; };
		52B000CE295877B600F0BE0C /* TestTypes.swift */ = {isa = PBXFileReference; lastKnownFileType = sourcecode.swift; path = TestTypes.swift; sourceTree = "<group>"; };
		52B000D02958790F00F0BE0C /* FadedScrollPropertyWrapper.swift */ = {isa = PBXFileReference; lastKnownFileType = sourcecode.swift; path = FadedScrollPropertyWrapper.swift; sourceTree = "<group>"; };
		52B000D229587B7B00F0BE0C /* FadedUITextView.swift */ = {isa = PBXFileReference; lastKnownFileType = sourcecode.swift; path = FadedUITextView.swift; sourceTree = "<group>"; };
		52B000D429587B9200F0BE0C /* FadedUICollectionView.swift */ = {isa = PBXFileReference; lastKnownFileType = sourcecode.swift; path = FadedUICollectionView.swift; sourceTree = "<group>"; };
		52B000D629587BA900F0BE0C /* FadedUITableView.swift */ = {isa = PBXFileReference; lastKnownFileType = sourcecode.swift; path = FadedUITableView.swift; sourceTree = "<group>"; };
		52B000D829587BC100F0BE0C /* Tests--------.swift */ = {isa = PBXFileReference; lastKnownFileType = sourcecode.swift; path = "Tests--------.swift"; sourceTree = "<group>"; };
		52B000DA29587BFF00F0BE0C /* ProgressManager.swift */ = {isa = PBXFileReference; lastKnownFileType = sourcecode.swift; path = ProgressManager.swift; sourceTree = "<group>"; };
		52B6C9D5295098B10019AB10 /* Thoughts and ideas.swift */ = {isa = PBXFileReference; lastKnownFileType = sourcecode.swift; path = "Thoughts and ideas.swift"; sourceTree = "<group>"; };
		52B6C9D8295112F90019AB10 /* DelayedProgressBar.swift */ = {isa = PBXFileReference; lastKnownFileType = sourcecode.swift; path = DelayedProgressBar.swift; sourceTree = "<group>"; };
		52ED65B7293CF466004E80B7 /* EasyUIRawLib.app */ = {isa = PBXFileReference; explicitFileType = wrapper.application; includeInIndex = 0; path = EasyUIRawLib.app; sourceTree = BUILT_PRODUCTS_DIR; };
		52ED65BA293CF466004E80B7 /* AppDelegate.swift */ = {isa = PBXFileReference; lastKnownFileType = sourcecode.swift; path = AppDelegate.swift; sourceTree = "<group>"; };
		52ED65BC293CF466004E80B7 /* SceneDelegate.swift */ = {isa = PBXFileReference; lastKnownFileType = sourcecode.swift; path = SceneDelegate.swift; sourceTree = "<group>"; };
		52ED65BE293CF466004E80B7 /* ViewController.swift */ = {isa = PBXFileReference; lastKnownFileType = sourcecode.swift; path = ViewController.swift; sourceTree = "<group>"; };
		52ED65C1293CF466004E80B7 /* Base */ = {isa = PBXFileReference; lastKnownFileType = file.storyboard; name = Base; path = Base.lproj/Main.storyboard; sourceTree = "<group>"; };
		52ED65C3293CF46A004E80B7 /* Assets.xcassets */ = {isa = PBXFileReference; lastKnownFileType = folder.assetcatalog; path = Assets.xcassets; sourceTree = "<group>"; };
		52ED65C6293CF46A004E80B7 /* Base */ = {isa = PBXFileReference; lastKnownFileType = file.storyboard; name = Base; path = Base.lproj/LaunchScreen.storyboard; sourceTree = "<group>"; };
		52ED65C8293CF46A004E80B7 /* Info.plist */ = {isa = PBXFileReference; lastKnownFileType = text.plist.xml; path = Info.plist; sourceTree = "<group>"; };
		52ED65CF293CF5F0004E80B7 /* RoutingButton.swift */ = {isa = PBXFileReference; lastKnownFileType = sourcecode.swift; path = RoutingButton.swift; sourceTree = "<group>"; };
		52ED65D3293CF838004E80B7 /* Example_1_UIScrollViewFaded.storyboard */ = {isa = PBXFileReference; lastKnownFileType = file.storyboard; path = Example_1_UIScrollViewFaded.storyboard; sourceTree = "<group>"; };
		52ED65D5293CF841004E80B7 /* Example_1_UIScrollViewFaded.swift */ = {isa = PBXFileReference; lastKnownFileType = sourcecode.swift; path = Example_1_UIScrollViewFaded.swift; sourceTree = "<group>"; };
		52ED65D7293CF8F5004E80B7 /* Extensions.swift */ = {isa = PBXFileReference; lastKnownFileType = sourcecode.swift; path = Extensions.swift; sourceTree = "<group>"; };
		52ED65DB293CFA95004E80B7 /* FadedScrollView.swift */ = {isa = PBXFileReference; lastKnownFileType = sourcecode.swift; path = FadedScrollView.swift; sourceTree = "<group>"; };
		52ED65DE293CFC81004E80B7 /* ReadyElementsExtensions.swift */ = {isa = PBXFileReference; lastKnownFileType = sourcecode.swift; path = ReadyElementsExtensions.swift; sourceTree = "<group>"; };
		52ED65E0293D4B0B004E80B7 /* ScrollViewFactory.swift */ = {isa = PBXFileReference; lastKnownFileType = sourcecode.swift; path = ScrollViewFactory.swift; sourceTree = "<group>"; };
		52ED65E2293D4CA5004E80B7 /* Example_1_ScrollView.xib */ = {isa = PBXFileReference; lastKnownFileType = file.xib; path = Example_1_ScrollView.xib; sourceTree = "<group>"; };
		52ED65E4293D4D00004E80B7 /* Example_1_ScrollView.swift */ = {isa = PBXFileReference; lastKnownFileType = sourcecode.swift; path = Example_1_ScrollView.swift; sourceTree = "<group>"; };
		52F1F20A294B2F7200446F77 /* ClickAnimatedButton.swift */ = {isa = PBXFileReference; lastKnownFileType = sourcecode.swift; path = ClickAnimatedButton.swift; sourceTree = "<group>"; };
		52F1F20C294B375900446F77 /* ClickAnimatedView.swift */ = {isa = PBXFileReference; lastKnownFileType = sourcecode.swift; path = ClickAnimatedView.swift; sourceTree = "<group>"; };
		52F1F20F294B3C8700446F77 /* UIElementsTests.swift */ = {isa = PBXFileReference; lastKnownFileType = sourcecode.swift; path = UIElementsTests.swift; sourceTree = "<group>"; };
		52F1F211294B3C9900446F77 /* UIElementsTests.storyboard */ = {isa = PBXFileReference; lastKnownFileType = file.storyboard; path = UIElementsTests.storyboard; sourceTree = "<group>"; };
		52F1F213294B425F00446F77 /* TestScrollView.swift */ = {isa = PBXFileReference; lastKnownFileType = sourcecode.swift; path = TestScrollView.swift; sourceTree = "<group>"; };
		52F1F215294B49AF00446F77 /* ClickAnimatedRoundedButton.swift */ = {isa = PBXFileReference; lastKnownFileType = sourcecode.swift; path = ClickAnimatedRoundedButton.swift; sourceTree = "<group>"; };
/* End PBXFileReference section */

/* Begin PBXFrameworksBuildPhase section */
		52ED65B4293CF466004E80B7 /* Frameworks */ = {
			isa = PBXFrameworksBuildPhase;
			buildActionMask = 2147483647;
			files = (
			);
			runOnlyForDeploymentPostprocessing = 0;
		};
/* End PBXFrameworksBuildPhase section */

/* Begin PBXGroup section */
		522462FF2944EB1B004F4E01 /* EasyUICalculationHelpers */ = {
			isa = PBXGroup;
			children = (
				522463002944EB32004F4E01 /* EasyUICalculationHelpers.swift */,
			);
			path = EasyUICalculationHelpers;
			sourceTree = "<group>";
		};
		524E355F29511CE4001FFDFA /* Example_3_DelayedProgressBar */ = {
			isa = PBXGroup;
			children = (
				524E356029511D62001FFDFA /* Example_3_DelayedProgressBar.swift */,
				524E356229511D77001FFDFA /* Example_3_DelayedProgressBar.storyboard */,
			);
			path = Example_3_DelayedProgressBar;
			sourceTree = "<group>";
		};
		524E35642951C5F5001FFDFA /* TopNotificationMenu */ = {
			isa = PBXGroup;
			children = (
				524E35652951C643001FFDFA /* TopNotificationView.swift */,
			);
			path = TopNotificationMenu;
			sourceTree = "<group>";
		};
		524E35672951C89F001FFDFA /* Example_4_TopNotificationMenu */ = {
			isa = PBXGroup;
			children = (
				524E35682951CA1B001FFDFA /* Example_4_TopNotificationMenu.swift */,
				524E356A2951CA4C001FFDFA /* Example_4_TopNotificationMenu.storyboard */,
			);
			path = Example_4_TopNotificationMenu;
			sourceTree = "<group>";
		};
		52B6C9D7295111A30019AB10 /* DelayedProgressBar */ = {
			isa = PBXGroup;
			children = (
				52B6C9D8295112F90019AB10 /* DelayedProgressBar.swift */,
			);
			path = DelayedProgressBar;
			sourceTree = "<group>";
		};
		52ED65AE293CF466004E80B7 = {
			isa = PBXGroup;
			children = (
				52ED65B9293CF466004E80B7 /* EasyUIRawLib */,
				52ED65B8293CF466004E80B7 /* Products */,
			);
			sourceTree = "<group>";
		};
		52ED65B8293CF466004E80B7 /* Products */ = {
			isa = PBXGroup;
			children = (
				52ED65B7293CF466004E80B7 /* EasyUIRawLib.app */,
			);
			name = Products;
			sourceTree = "<group>";
		};
		52ED65B9293CF466004E80B7 /* EasyUIRawLib */ = {
			isa = PBXGroup;
			children = (
				52B6C9D5295098B10019AB10 /* Thoughts and ideas.swift */,
				522462FF2944EB1B004F4E01 /* EasyUICalculationHelpers */,
				52ED65CE293CF5E2004E80B7 /* PresentationHelpers */,
				52ED65D1293CF7B8004E80B7 /* PresentationScreens */,
				52ED65DD293CFC5D004E80B7 /* ReadyElementsHelpers */,
				52ED65D9293CFA32004E80B7 /* ReadyUIElements */,
				52ED65BA293CF466004E80B7 /* AppDelegate.swift */,
				52ED65BC293CF466004E80B7 /* SceneDelegate.swift */,
				52ED65BE293CF466004E80B7 /* ViewController.swift */,
				52ED65C0293CF466004E80B7 /* Main.storyboard */,
				52ED65C3293CF46A004E80B7 /* Assets.xcassets */,
				52ED65C5293CF46A004E80B7 /* LaunchScreen.storyboard */,
				52ED65C8293CF46A004E80B7 /* Info.plist */,
			);
			path = EasyUIRawLib;
			sourceTree = "<group>";
		};
		52ED65CE293CF5E2004E80B7 /* PresentationHelpers */ = {
			isa = PBXGroup;
			children = (
				52ED65CF293CF5F0004E80B7 /* RoutingButton.swift */,
				52ED65D7293CF8F5004E80B7 /* Extensions.swift */,
				52F1F213294B425F00446F77 /* TestScrollView.swift */,
			);
			path = PresentationHelpers;
			sourceTree = "<group>";
		};
		52ED65D1293CF7B8004E80B7 /* PresentationScreens */ = {
			isa = PBXGroup;
			children = (
				52ED65D2293CF7CE004E80B7 /* Example_1_UITextViewScrollableFaded */,
				52F1F20E294B3C6700446F77 /* Example_2_AnimatedButton */,
				524E355F29511CE4001FFDFA /* Example_3_DelayedProgressBar */,
				524E35672951C89F001FFDFA /* Example_4_TopNotificationMenu */,
			);
			path = PresentationScreens;
			sourceTree = "<group>";
		};
		52ED65D2293CF7CE004E80B7 /* Example_1_UITextViewScrollableFaded */ = {
			isa = PBXGroup;
			children = (
				52ED65D3293CF838004E80B7 /* Example_1_UIScrollViewFaded.storyboard */,
				52ED65D5293CF841004E80B7 /* Example_1_UIScrollViewFaded.swift */,
				52ED65E2293D4CA5004E80B7 /* Example_1_ScrollView.xib */,
				52ED65E4293D4D00004E80B7 /* Example_1_ScrollView.swift */,
			);
			path = Example_1_UITextViewScrollableFaded;
			sourceTree = "<group>";
		};
		52ED65D9293CFA32004E80B7 /* ReadyUIElements */ = {
			isa = PBXGroup;
			children = (
				52ED65DA293CFA55004E80B7 /* FadedScrollView */,
				52F1F209294B2F5C00446F77 /* AnimatedButton */,
				52B6C9D7295111A30019AB10 /* DelayedProgressBar */,
				524E35642951C5F5001FFDFA /* TopNotificationMenu */,
			);
			path = ReadyUIElements;
			sourceTree = "<group>";
		};
		52ED65DA293CFA55004E80B7 /* FadedScrollView */ = {
			isa = PBXGroup;
			children = (
				52ED65DB293CFA95004E80B7 /* FadedScrollView.swift */,
				52B000D229587B7B00F0BE0C /* FadedUITextView.swift */,
				52B000D429587B9200F0BE0C /* FadedUICollectionView.swift */,
				52B000D629587BA900F0BE0C /* FadedUITableView.swift */,
				52B000DA29587BFF00F0BE0C /* ProgressManager.swift */,
				52B000D829587BC100F0BE0C /* Tests--------.swift */,
				52B000CE295877B600F0BE0C /* TestTypes.swift */,
				52B000D02958790F00F0BE0C /* FadedScrollPropertyWrapper.swift */,
			);
			path = FadedScrollView;
			sourceTree = "<group>";
		};
		52ED65DD293CFC5D004E80B7 /* ReadyElementsHelpers */ = {
			isa = PBXGroup;
			children = (
				52ED65DE293CFC81004E80B7 /* ReadyElementsExtensions.swift */,
				52ED65E0293D4B0B004E80B7 /* ScrollViewFactory.swift */,
			);
			path = ReadyElementsHelpers;
			sourceTree = "<group>";
		};
		52F1F209294B2F5C00446F77 /* AnimatedButton */ = {
			isa = PBXGroup;
			children = (
				52F1F20A294B2F7200446F77 /* ClickAnimatedButton.swift */,
				52F1F20C294B375900446F77 /* ClickAnimatedView.swift */,
				52F1F215294B49AF00446F77 /* ClickAnimatedRoundedButton.swift */,
			);
			path = AnimatedButton;
			sourceTree = "<group>";
		};
		52F1F20E294B3C6700446F77 /* Example_2_AnimatedButton */ = {
			isa = PBXGroup;
			children = (
				52F1F20F294B3C8700446F77 /* UIElementsTests.swift */,
				52F1F211294B3C9900446F77 /* UIElementsTests.storyboard */,
			);
			path = Example_2_AnimatedButton;
			sourceTree = "<group>";
		};
/* End PBXGroup section */

/* Begin PBXNativeTarget section */
		52ED65B6293CF466004E80B7 /* EasyUIRawLib */ = {
			isa = PBXNativeTarget;
			buildConfigurationList = 52ED65CB293CF46A004E80B7 /* Build configuration list for PBXNativeTarget "EasyUIRawLib" */;
			buildPhases = (
				52ED65B3293CF466004E80B7 /* Sources */,
				52ED65B4293CF466004E80B7 /* Frameworks */,
				52ED65B5293CF466004E80B7 /* Resources */,
			);
			buildRules = (
			);
			dependencies = (
			);
			name = EasyUIRawLib;
			productName = EasyUIRawLib;
			productReference = 52ED65B7293CF466004E80B7 /* EasyUIRawLib.app */;
			productType = "com.apple.product-type.application";
		};
/* End PBXNativeTarget section */

/* Begin PBXProject section */
		52ED65AF293CF466004E80B7 /* Project object */ = {
			isa = PBXProject;
			attributes = {
				BuildIndependentTargetsInParallel = 1;
				LastSwiftUpdateCheck = 1340;
				LastUpgradeCheck = 1340;
				TargetAttributes = {
					52ED65B6293CF466004E80B7 = {
						CreatedOnToolsVersion = 13.4.1;
					};
				};
			};
			buildConfigurationList = 52ED65B2293CF466004E80B7 /* Build configuration list for PBXProject "EasyUIRawLib" */;
			compatibilityVersion = "Xcode 13.0";
			developmentRegion = en;
			hasScannedForEncodings = 0;
			knownRegions = (
				en,
				Base,
			);
			mainGroup = 52ED65AE293CF466004E80B7;
			productRefGroup = 52ED65B8293CF466004E80B7 /* Products */;
			projectDirPath = "";
			projectRoot = "";
			targets = (
				52ED65B6293CF466004E80B7 /* EasyUIRawLib */,
			);
		};
/* End PBXProject section */

/* Begin PBXResourcesBuildPhase section */
		52ED65B5293CF466004E80B7 /* Resources */ = {
			isa = PBXResourcesBuildPhase;
			buildActionMask = 2147483647;
			files = (
				52ED65C7293CF46A004E80B7 /* LaunchScreen.storyboard in Resources */,
				52ED65E3293D4CA5004E80B7 /* Example_1_ScrollView.xib in Resources */,
				52ED65D4293CF838004E80B7 /* Example_1_UIScrollViewFaded.storyboard in Resources */,
				52ED65C4293CF46A004E80B7 /* Assets.xcassets in Resources */,
				524E356B2951CA4C001FFDFA /* Example_4_TopNotificationMenu.storyboard in Resources */,
				52ED65C2293CF466004E80B7 /* Main.storyboard in Resources */,
				524E356329511D77001FFDFA /* Example_3_DelayedProgressBar.storyboard in Resources */,
				52F1F212294B3C9900446F77 /* UIElementsTests.storyboard in Resources */,
			);
			runOnlyForDeploymentPostprocessing = 0;
		};
/* End PBXResourcesBuildPhase section */

/* Begin PBXSourcesBuildPhase section */
		52ED65B3293CF466004E80B7 /* Sources */ = {
			isa = PBXSourcesBuildPhase;
			buildActionMask = 2147483647;
			files = (
				52ED65BF293CF466004E80B7 /* ViewController.swift in Sources */,
				52ED65D8293CF8F5004E80B7 /* Extensions.swift in Sources */,
				524E35692951CA1B001FFDFA /* Example_4_TopNotificationMenu.swift in Sources */,
				52F1F216294B49AF00446F77 /* ClickAnimatedRoundedButton.swift in Sources */,
				524E35662951C643001FFDFA /* TopNotificationView.swift in Sources */,
				52ED65DF293CFC81004E80B7 /* ReadyElementsExtensions.swift in Sources */,
				52B000D12958790F00F0BE0C /* FadedScrollPropertyWrapper.swift in Sources */,
				52ED65DC293CFA95004E80B7 /* FadedScrollView.swift in Sources */,
				52F1F20D294B375900446F77 /* ClickAnimatedView.swift in Sources */,
				52F1F214294B425F00446F77 /* TestScrollView.swift in Sources */,
				52ED65E5293D4D00004E80B7 /* Example_1_ScrollView.swift in Sources */,
				52ED65E1293D4B0B004E80B7 /* ScrollViewFactory.swift in Sources */,
				52ED65D6293CF841004E80B7 /* Example_1_UIScrollViewFaded.swift in Sources */,
				52B000CF295877B600F0BE0C /* TestTypes.swift in Sources */,
				522463012944EB32004F4E01 /* EasyUICalculationHelpers.swift in Sources */,
				52ED65BB293CF466004E80B7 /* AppDelegate.swift in Sources */,
				52B000DB29587BFF00F0BE0C /* ProgressManager.swift in Sources */,
				52B000D929587BC100F0BE0C /* Tests--------.swift in Sources */,
				52ED65D0293CF5F0004E80B7 /* RoutingButton.swift in Sources */,
				52F1F20B294B2F7200446F77 /* ClickAnimatedButton.swift in Sources */,
				52B000D329587B7B00F0BE0C /* FadedUITextView.swift in Sources */,
				52B6C9D6295098B10019AB10 /* Thoughts and ideas.swift in Sources */,
				52F1F210294B3C8700446F77 /* UIElementsTests.swift in Sources */,
				52B000D529587B9300F0BE0C /* FadedUICollectionView.swift in Sources */,
				52ED65BD293CF466004E80B7 /* SceneDelegate.swift in Sources */,
				524E356129511D62001FFDFA /* Example_3_DelayedProgressBar.swift in Sources */,
				52B000D729587BA900F0BE0C /* FadedUITableView.swift in Sources */,
				52B6C9D9295112F90019AB10 /* DelayedProgressBar.swift in Sources */,
			);
			runOnlyForDeploymentPostprocessing = 0;
		};
/* End PBXSourcesBuildPhase section */

/* Begin PBXVariantGroup section */
		52ED65C0293CF466004E80B7 /* Main.storyboard */ = {
			isa = PBXVariantGroup;
			children = (
				52ED65C1293CF466004E80B7 /* Base */,
			);
			name = Main.storyboard;
			sourceTree = "<group>";
		};
		52ED65C5293CF46A004E80B7 /* LaunchScreen.storyboard */ = {
			isa = PBXVariantGroup;
			children = (
				52ED65C6293CF46A004E80B7 /* Base */,
			);
			name = LaunchScreen.storyboard;
			sourceTree = "<group>";
		};
/* End PBXVariantGroup section */

/* Begin XCBuildConfiguration section */
		52ED65C9293CF46A004E80B7 /* Debug */ = {
			isa = XCBuildConfiguration;
			buildSettings = {
				ALWAYS_SEARCH_USER_PATHS = NO;
				CLANG_ANALYZER_NONNULL = YES;
				CLANG_ANALYZER_NUMBER_OBJECT_CONVERSION = YES_AGGRESSIVE;
				CLANG_CXX_LANGUAGE_STANDARD = "gnu++17";
				CLANG_ENABLE_MODULES = YES;
				CLANG_ENABLE_OBJC_ARC = YES;
				CLANG_ENABLE_OBJC_WEAK = YES;
				CLANG_WARN_BLOCK_CAPTURE_AUTORELEASING = YES;
				CLANG_WARN_BOOL_CONVERSION = YES;
				CLANG_WARN_COMMA = YES;
				CLANG_WARN_CONSTANT_CONVERSION = YES;
				CLANG_WARN_DEPRECATED_OBJC_IMPLEMENTATIONS = YES;
				CLANG_WARN_DIRECT_OBJC_ISA_USAGE = YES_ERROR;
				CLANG_WARN_DOCUMENTATION_COMMENTS = YES;
				CLANG_WARN_EMPTY_BODY = YES;
				CLANG_WARN_ENUM_CONVERSION = YES;
				CLANG_WARN_INFINITE_RECURSION = YES;
				CLANG_WARN_INT_CONVERSION = YES;
				CLANG_WARN_NON_LITERAL_NULL_CONVERSION = YES;
				CLANG_WARN_OBJC_IMPLICIT_RETAIN_SELF = YES;
				CLANG_WARN_OBJC_LITERAL_CONVERSION = YES;
				CLANG_WARN_OBJC_ROOT_CLASS = YES_ERROR;
				CLANG_WARN_QUOTED_INCLUDE_IN_FRAMEWORK_HEADER = YES;
				CLANG_WARN_RANGE_LOOP_ANALYSIS = YES;
				CLANG_WARN_STRICT_PROTOTYPES = YES;
				CLANG_WARN_SUSPICIOUS_MOVE = YES;
				CLANG_WARN_UNGUARDED_AVAILABILITY = YES_AGGRESSIVE;
				CLANG_WARN_UNREACHABLE_CODE = YES;
				CLANG_WARN__DUPLICATE_METHOD_MATCH = YES;
				COPY_PHASE_STRIP = NO;
				DEBUG_INFORMATION_FORMAT = dwarf;
				ENABLE_STRICT_OBJC_MSGSEND = YES;
				ENABLE_TESTABILITY = YES;
				GCC_C_LANGUAGE_STANDARD = gnu11;
				GCC_DYNAMIC_NO_PIC = NO;
				GCC_NO_COMMON_BLOCKS = YES;
				GCC_OPTIMIZATION_LEVEL = 0;
				GCC_PREPROCESSOR_DEFINITIONS = (
					"DEBUG=1",
					"$(inherited)",
				);
				GCC_WARN_64_TO_32_BIT_CONVERSION = YES;
				GCC_WARN_ABOUT_RETURN_TYPE = YES_ERROR;
				GCC_WARN_UNDECLARED_SELECTOR = YES;
				GCC_WARN_UNINITIALIZED_AUTOS = YES_AGGRESSIVE;
				GCC_WARN_UNUSED_FUNCTION = YES;
				GCC_WARN_UNUSED_VARIABLE = YES;
				IPHONEOS_DEPLOYMENT_TARGET = 15.5;
				MTL_ENABLE_DEBUG_INFO = INCLUDE_SOURCE;
				MTL_FAST_MATH = YES;
				ONLY_ACTIVE_ARCH = YES;
				SDKROOT = iphoneos;
				SWIFT_ACTIVE_COMPILATION_CONDITIONS = DEBUG;
				SWIFT_OPTIMIZATION_LEVEL = "-Onone";
			};
			name = Debug;
		};
		52ED65CA293CF46A004E80B7 /* Release */ = {
			isa = XCBuildConfiguration;
			buildSettings = {
				ALWAYS_SEARCH_USER_PATHS = NO;
				CLANG_ANALYZER_NONNULL = YES;
				CLANG_ANALYZER_NUMBER_OBJECT_CONVERSION = YES_AGGRESSIVE;
				CLANG_CXX_LANGUAGE_STANDARD = "gnu++17";
				CLANG_ENABLE_MODULES = YES;
				CLANG_ENABLE_OBJC_ARC = YES;
				CLANG_ENABLE_OBJC_WEAK = YES;
				CLANG_WARN_BLOCK_CAPTURE_AUTORELEASING = YES;
				CLANG_WARN_BOOL_CONVERSION = YES;
				CLANG_WARN_COMMA = YES;
				CLANG_WARN_CONSTANT_CONVERSION = YES;
				CLANG_WARN_DEPRECATED_OBJC_IMPLEMENTATIONS = YES;
				CLANG_WARN_DIRECT_OBJC_ISA_USAGE = YES_ERROR;
				CLANG_WARN_DOCUMENTATION_COMMENTS = YES;
				CLANG_WARN_EMPTY_BODY = YES;
				CLANG_WARN_ENUM_CONVERSION = YES;
				CLANG_WARN_INFINITE_RECURSION = YES;
				CLANG_WARN_INT_CONVERSION = YES;
				CLANG_WARN_NON_LITERAL_NULL_CONVERSION = YES;
				CLANG_WARN_OBJC_IMPLICIT_RETAIN_SELF = YES;
				CLANG_WARN_OBJC_LITERAL_CONVERSION = YES;
				CLANG_WARN_OBJC_ROOT_CLASS = YES_ERROR;
				CLANG_WARN_QUOTED_INCLUDE_IN_FRAMEWORK_HEADER = YES;
				CLANG_WARN_RANGE_LOOP_ANALYSIS = YES;
				CLANG_WARN_STRICT_PROTOTYPES = YES;
				CLANG_WARN_SUSPICIOUS_MOVE = YES;
				CLANG_WARN_UNGUARDED_AVAILABILITY = YES_AGGRESSIVE;
				CLANG_WARN_UNREACHABLE_CODE = YES;
				CLANG_WARN__DUPLICATE_METHOD_MATCH = YES;
				COPY_PHASE_STRIP = NO;
				DEBUG_INFORMATION_FORMAT = "dwarf-with-dsym";
				ENABLE_NS_ASSERTIONS = NO;
				ENABLE_STRICT_OBJC_MSGSEND = YES;
				GCC_C_LANGUAGE_STANDARD = gnu11;
				GCC_NO_COMMON_BLOCKS = YES;
				GCC_WARN_64_TO_32_BIT_CONVERSION = YES;
				GCC_WARN_ABOUT_RETURN_TYPE = YES_ERROR;
				GCC_WARN_UNDECLARED_SELECTOR = YES;
				GCC_WARN_UNINITIALIZED_AUTOS = YES_AGGRESSIVE;
				GCC_WARN_UNUSED_FUNCTION = YES;
				GCC_WARN_UNUSED_VARIABLE = YES;
				IPHONEOS_DEPLOYMENT_TARGET = 15.5;
				MTL_ENABLE_DEBUG_INFO = NO;
				MTL_FAST_MATH = YES;
				SDKROOT = iphoneos;
				SWIFT_COMPILATION_MODE = wholemodule;
				SWIFT_OPTIMIZATION_LEVEL = "-O";
				VALIDATE_PRODUCT = YES;
			};
			name = Release;
		};
		52ED65CC293CF46A004E80B7 /* Debug */ = {
			isa = XCBuildConfiguration;
			buildSettings = {
				ASSETCATALOG_COMPILER_APPICON_NAME = AppIcon;
				ASSETCATALOG_COMPILER_GLOBAL_ACCENT_COLOR_NAME = AccentColor;
				CODE_SIGN_STYLE = Automatic;
				CURRENT_PROJECT_VERSION = 1;
				DEVELOPMENT_TEAM = T74HR6T3C3;
				GENERATE_INFOPLIST_FILE = YES;
				INFOPLIST_FILE = EasyUIRawLib/Info.plist;
				INFOPLIST_KEY_UIApplicationSupportsIndirectInputEvents = YES;
				INFOPLIST_KEY_UILaunchStoryboardName = LaunchScreen;
				INFOPLIST_KEY_UIMainStoryboardFile = Main;
				INFOPLIST_KEY_UISupportedInterfaceOrientations_iPad = "UIInterfaceOrientationPortrait UIInterfaceOrientationPortraitUpsideDown UIInterfaceOrientationLandscapeLeft UIInterfaceOrientationLandscapeRight";
				INFOPLIST_KEY_UISupportedInterfaceOrientations_iPhone = "UIInterfaceOrientationPortrait UIInterfaceOrientationLandscapeLeft UIInterfaceOrientationLandscapeRight";
				LD_RUNPATH_SEARCH_PATHS = (
					"$(inherited)",
					"@executable_path/Frameworks",
				);
				MARKETING_VERSION = 1.0;
				PRODUCT_BUNDLE_IDENTIFIER = DevBorisElkin.EasyUIRawLib;
				PRODUCT_NAME = "$(TARGET_NAME)";
				SWIFT_EMIT_LOC_STRINGS = YES;
				SWIFT_VERSION = 5.0;
				TARGETED_DEVICE_FAMILY = "1,2";
			};
			name = Debug;
		};
		52ED65CD293CF46A004E80B7 /* Release */ = {
			isa = XCBuildConfiguration;
			buildSettings = {
				ASSETCATALOG_COMPILER_APPICON_NAME = AppIcon;
				ASSETCATALOG_COMPILER_GLOBAL_ACCENT_COLOR_NAME = AccentColor;
				CODE_SIGN_STYLE = Automatic;
				CURRENT_PROJECT_VERSION = 1;
				DEVELOPMENT_TEAM = T74HR6T3C3;
				GENERATE_INFOPLIST_FILE = YES;
				INFOPLIST_FILE = EasyUIRawLib/Info.plist;
				INFOPLIST_KEY_UIApplicationSupportsIndirectInputEvents = YES;
				INFOPLIST_KEY_UILaunchStoryboardName = LaunchScreen;
				INFOPLIST_KEY_UIMainStoryboardFile = Main;
				INFOPLIST_KEY_UISupportedInterfaceOrientations_iPad = "UIInterfaceOrientationPortrait UIInterfaceOrientationPortraitUpsideDown UIInterfaceOrientationLandscapeLeft UIInterfaceOrientationLandscapeRight";
				INFOPLIST_KEY_UISupportedInterfaceOrientations_iPhone = "UIInterfaceOrientationPortrait UIInterfaceOrientationLandscapeLeft UIInterfaceOrientationLandscapeRight";
				LD_RUNPATH_SEARCH_PATHS = (
					"$(inherited)",
					"@executable_path/Frameworks",
				);
				MARKETING_VERSION = 1.0;
				PRODUCT_BUNDLE_IDENTIFIER = DevBorisElkin.EasyUIRawLib;
				PRODUCT_NAME = "$(TARGET_NAME)";
				SWIFT_EMIT_LOC_STRINGS = YES;
				SWIFT_VERSION = 5.0;
				TARGETED_DEVICE_FAMILY = "1,2";
			};
			name = Release;
		};
/* End XCBuildConfiguration section */

/* Begin XCConfigurationList section */
		52ED65B2293CF466004E80B7 /* Build configuration list for PBXProject "EasyUIRawLib" */ = {
			isa = XCConfigurationList;
			buildConfigurations = (
				52ED65C9293CF46A004E80B7 /* Debug */,
				52ED65CA293CF46A004E80B7 /* Release */,
			);
			defaultConfigurationIsVisible = 0;
			defaultConfigurationName = Release;
		};
		52ED65CB293CF46A004E80B7 /* Build configuration list for PBXNativeTarget "EasyUIRawLib" */ = {
			isa = XCConfigurationList;
			buildConfigurations = (
				52ED65CC293CF46A004E80B7 /* Debug */,
				52ED65CD293CF46A004E80B7 /* Release */,
			);
			defaultConfigurationIsVisible = 0;
			defaultConfigurationName = Release;
		};
/* End XCConfigurationList section */
	};
	rootObject = 52ED65AF293CF466004E80B7 /* Project object */;
}
